
Microsoft Visual Studio Solution File, Format Version 12.00
# Visual Studio Version 17
VisualStudioVersion = 17.3.32901.215
MinimumVisualStudioVersion = 10.0.40219.1
Project("{9A19103F-16F7-4668-BE54-9A1E7A4F7556}") = "Charts_MudBlazor", "Charts_MudBlazor\Charts_MudBlazor.csproj", "{2FC2A2DF-DF6F-416D-BF61-F9202158EA78}"
EndProject
Global
	GlobalSection(SolutionConfigurationPlatforms) = preSolution
		Debug|Any CPU = Debug|Any CPU
		Release|Any CPU = Release|Any CPU
	EndGlobalSection
	GlobalSection(ProjectConfigurationPlatforms) = postSolution
		{2FC2A2DF-DF6F-416D-BF61-F9202158EA78}.Debug|Any CPU.ActiveCfg = Debug|Any CPU
		{2FC2A2DF-DF6F-416D-BF61-F9202158EA78}.Debug|Any CPU.Build.0 = Debug|Any CPU
		{2FC2A2DF-DF6F-416D-BF61-F9202158EA78}.Release|Any CPU.ActiveCfg = Release|Any CPU
		{2FC2A2DF-DF6F-416D-BF61-F9202158EA78}.Release|Any CPU.Build.0 = Release|Any CPU
	EndGlobalSection
	GlobalSection(SolutionProperties) = preSolution
		HideSolutionNode = FALSE
	EndGlobalSection
	GlobalSection(ExtensibilityGlobals) = postSolution
		SolutionGuid = {F5096D16-FB9E-4915-AF69-56086D4DF1DF}
	EndGlobalSection
EndGlobal
